
Microsoft Visual Studio Solution File, Format Version 12.00
# Visual Studio 15
VisualStudioVersion = 15.0.27703.2042
MinimumVisualStudioVersion = 10.0.40219.1
Project("{8BC9CEB8-8B4A-11D0-8D11-00A0C91BC942}") = "1023_assignment", "1023_assignment\1023_assignment.vcxproj", "{70EAA708-3146-4634-9F2B-2894DA3AFAA6}"
EndProject
Global
	GlobalSection(SolutionConfigurationPlatforms) = preSolution
		Debug|x64 = Debug|x64
		Debug|x86 = Debug|x86
		Release|x64 = Release|x64
		Release|x86 = Release|x86
	EndGlobalSection
	GlobalSection(ProjectConfigurationPlatforms) = postSolution
		{70EAA708-3146-4634-9F2B-2894DA3AFAA6}.Debug|x64.ActiveCfg = Debug|x64
		{70EAA708-3146-4634-9F2B-2894DA3AFAA6}.Debug|x64.Build.0 = Debug|x64
		{70EAA708-3146-4634-9F2B-2894DA3AFAA6}.Debug|x86.ActiveCfg = Debug|Win32
		{70EAA708-3146-4634-9F2B-2894DA3AFAA6}.Debug|x86.Build.0 = Debug|Win32
		{70EAA708-3146-4634-9F2B-2894DA3AFAA6}.Release|x64.ActiveCfg = Release|x64
		{70EAA708-3146-4634-9F2B-2894DA3AFAA6}.Release|x64.Build.0 = Release|x64
		{70EAA708-3146-4634-9F2B-2894DA3AFAA6}.Release|x86.ActiveCfg = Release|Win32
		{70EAA708-3146-4634-9F2B-2894DA3AFAA6}.Release|x86.Build.0 = Release|Win32
	EndGlobalSection
	GlobalSection(SolutionProperties) = preSolution
		HideSolutionNode = FALSE
	EndGlobalSection
	GlobalSection(ExtensibilityGlobals) = postSolution
		SolutionGuid = {6DF920CC-2556-48E5-98AF-109725BBE26D}
	EndGlobalSection
EndGlobal
