
Microsoft Visual Studio Solution File, Format Version 12.00
# Visual Studio 15
VisualStudioVersion = 15.0.27703.2042
MinimumVisualStudioVersion = 10.0.40219.1
Project("{8BC9CEB8-8B4A-11D0-8D11-00A0C91BC942}") = "halloween", "halloween\halloween.vcxproj", "{94E73510-73ED-4147-84F1-D42F6EA336CB}"
EndProject
Global
	GlobalSection(SolutionConfigurationPlatforms) = preSolution
		Debug|x64 = Debug|x64
		Debug|x86 = Debug|x86
		Release|x64 = Release|x64
		Release|x86 = Release|x86
	EndGlobalSection
	GlobalSection(ProjectConfigurationPlatforms) = postSolution
		{94E73510-73ED-4147-84F1-D42F6EA336CB}.Debug|x64.ActiveCfg = Debug|x64
		{94E73510-73ED-4147-84F1-D42F6EA336CB}.Debug|x64.Build.0 = Debug|x64
		{94E73510-73ED-4147-84F1-D42F6EA336CB}.Debug|x86.ActiveCfg = Debug|Win32
		{94E73510-73ED-4147-84F1-D42F6EA336CB}.Debug|x86.Build.0 = Debug|Win32
		{94E73510-73ED-4147-84F1-D42F6EA336CB}.Release|x64.ActiveCfg = Release|x64
		{94E73510-73ED-4147-84F1-D42F6EA336CB}.Release|x64.Build.0 = Release|x64
		{94E73510-73ED-4147-84F1-D42F6EA336CB}.Release|x86.ActiveCfg = Release|Win32
		{94E73510-73ED-4147-84F1-D42F6EA336CB}.Release|x86.Build.0 = Release|Win32
	EndGlobalSection
	GlobalSection(SolutionProperties) = preSolution
		HideSolutionNode = FALSE
	EndGlobalSection
	GlobalSection(ExtensibilityGlobals) = postSolution
		SolutionGuid = {E5FA5442-ADAB-483F-85B9-831A5B774646}
	EndGlobalSection
EndGlobal
